{
  "name": "live2d-widget-models",
  "version": "1.0.0",
  "lockfileVersion": 1,
  "requires": true,
  "dependencies": {
    "live2d-widget-model-chitose": {
      "version": "1.0.0",
      "resolved": "https://registry.npmjs.org/live2d-widget-model-chitose/-/live2d-widget-model-chitose-1.0.0.tgz",
      "integrity": "sha512-i1nkDy6ZRCqlAmg/xbCwKBVUPPCOfMlARltGeZKCRe/psnMrF3t7FwlUuwrLBGaDkD73Z9VufHUtAobcHIs8pg=="
    },
    "live2d-widget-model-epsilon2_1": {
      "version": "1.0.0",
      "resolved": "https://registry.npmjs.org/live2d-widget-model-epsilon2_1/-/live2d-widget-model-epsilon2_1-1.0.0.tgz",
      "integrity": "sha512-TMflqp7SBx4ZHvUpF79L99uYR8QR9LTBnzGTRUYURO09+qdQ2dDOvDXwOmxCVIgIROwi2mvm6vc4PwWsn9r/AQ=="
    },
    "live2d-widget-model-gf": {
      "version": "1.0.0",
      "resolved": "https://registry.npmjs.org/live2d-widget-model-gf/-/live2d-widget-model-gf-1.0.0.tgz",
      "integrity": "sha512-FEm9tSGlJrzY3HzMWG3Gm7QeSSC6HHHDp5fZk8N6BpteZWp3jVOaPT1NXaEAMZynQ3dCJ1NNojK9GeD9W1zTIw=="
    },
    "live2d-widget-model-haru01": {
      "version": "1.0.0",
      "resolved": "https://registry.npmjs.org/live2d-widget-model-haru01/-/live2d-widget-model-haru01-1.0.0.tgz",
      "integrity": "sha512-A+YrYR3IWjU0/7UHteT3tYJ+LInQvtZ+C6po7m1HUytUMRWB/C3Csth1wY34WKH3wJwGcNKj6MFNyhXTa4G2PA=="
    },
    "live2d-widget-model-haru02": {
      "version": "1.0.0",
      "resolved": "https://registry.npmjs.org/live2d-widget-model-haru02/-/live2d-widget-model-haru02-1.0.0.tgz",
      "integrity": "sha512-MLd/55IlMFGkh3ZyEox0zWIJXrpBBfWPkJlJY5Atl0BqDL1FbkSxNhO+b4JiyP/roKtW4K24esS0yfpNvxqbsw=="
    },
    "live2d-widget-model-haruto": {
      "version": "1.0.0",
      "resolved": "https://registry.npmjs.org/live2d-widget-model-haruto/-/live2d-widget-model-haruto-1.0.0.tgz",
      "integrity": "sha512-ZiwnuMMq00SMaFOZMS7kmJTZ+oq8yKpi18bDpYM3n1yTqbD9/xI0k0pKFDP5XUZmX3JZbABqtw1KnFlhu91nEQ=="
    },
    "live2d-widget-model-hibiki": {
      "version": "1.0.0",
      "resolved": "https://registry.npmjs.org/live2d-widget-model-hibiki/-/live2d-widget-model-hibiki-1.0.0.tgz",
      "integrity": "sha512-q1WambSpmpIEag2iDZUJViKw0Ex0X6TMFqu+Q+yMQQnpd3KBzaIMgEASEHYj1504E/QlLLb5IsJnkym/+GeVwA=="
    },
    "live2d-widget-model-hijiki": {
      "version": "1.0.0",
      "resolved": "https://registry.npmjs.org/live2d-widget-model-hijiki/-/live2d-widget-model-hijiki-1.0.0.tgz",
      "integrity": "sha512-JBR4QZK6DcEN0eIu6qX01bP6QstOXfcIhOqbZKkBJzcMrn8TIQdvXrCh1nAaNiXQbndQK/ExLcg4RF/o9wcsUA=="
    },
    "live2d-widget-model-izumi": {
      "version": "1.0.0",
      "resolved": "https://registry.npmjs.org/live2d-widget-model-izumi/-/live2d-widget-model-izumi-1.0.0.tgz",
      "integrity": "sha512-vlFWwU4mg40hyy2LICCti95FzW5C7ZZignzby48RH4rZ22aJ7vYhJPdXx4YWqdcx7Dzeyuz4xfNWLoeTCl0R2Q=="
    },
    "live2d-widget-model-koharu": {
      "version": "1.0.0",
      "resolved": "https://registry.npmjs.org/live2d-widget-model-koharu/-/live2d-widget-model-koharu-1.0.0.tgz",
      "integrity": "sha512-2MZG26/3upTWMzjd60Va0EITV5OpeDOcfsbv1bViRupnNvXz5jJpOiLevijxtC3T3gGs7k2oOR4LEf0f6ejdwA=="
    },
    "live2d-widget-model-miku": {
      "version": "1.0.0",
      "resolved": "https://registry.npmjs.org/live2d-widget-model-miku/-/live2d-widget-model-miku-1.0.0.tgz",
      "integrity": "sha512-6gWIoy/VvYRAhF1668WzJuIYJsbTQY2tht8KdXpCg6NFDnEzBKZ1Pznz2uZxZbm3B+L2oC7j0YrGH3g/j/mvOQ=="
    },
    "live2d-widget-model-ni-j": {
      "version": "1.0.0",
      "resolved": "https://registry.npmjs.org/live2d-widget-model-ni-j/-/live2d-widget-model-ni-j-1.0.0.tgz",
      "integrity": "sha512-0rVWZrYmQPQtt4319riTVAQ/eg52zKxCp5S6hpZQqGKPSQWgjn0oti/CXKEcennRM0gZVlwgoo3fcSR8ksthPg=="
    },
    "live2d-widget-model-nico": {
      "version": "1.0.0",
      "resolved": "https://registry.npmjs.org/live2d-widget-model-nico/-/live2d-widget-model-nico-1.0.0.tgz",
      "integrity": "sha512-3LJdHS6tuJdtszHiNLBCjmH+n6G16mtCu4CrWjeUs+p6eH2mcAiKqTIpws//DgJ0YxtLBIhQYK8DZU7vQJ5vLQ=="
    },
    "live2d-widget-model-nietzsche": {
      "version": "1.0.0",
      "resolved": "https://registry.npmjs.org/live2d-widget-model-nietzsche/-/live2d-widget-model-nietzsche-1.0.0.tgz",
      "integrity": "sha512-BWdSOJzCT77iTvJNgwblGgOkglyptEDU6F3bFfmIvEuJ23dgVMlbt/v80WNsPHQn+tc4/YddL8egWb3iA6FLPw=="
    },
    "live2d-widget-model-nipsilon": {
      "version": "1.0.0",
      "resolved": "https://registry.npmjs.org/live2d-widget-model-nipsilon/-/live2d-widget-model-nipsilon-1.0.0.tgz",
      "integrity": "sha512-D0n4z7FJ5D26xl9IfH6KACFO+9gdZFQueLngUTuclFUq8oylZ86aMz7nrTLPgcXJoe76zJWRxm5p+bdclivcKw=="
    },
    "live2d-widget-model-nito": {
      "version": "1.0.0",
      "resolved": "https://registry.npmjs.org/live2d-widget-model-nito/-/live2d-widget-model-nito-1.0.0.tgz",
      "integrity": "sha512-tzvZuKGL5rIeXT5NC2UIFsv47teqQibY/W3kaABkKyqJtDvm+b6045cuMqI2DMU4ZyXQE8BgK/Ewvq0zeEtn/Q=="
    },
    "live2d-widget-model-shizuku": {
      "version": "1.0.0",
      "resolved": "https://registry.npmjs.org/live2d-widget-model-shizuku/-/live2d-widget-model-shizuku-1.0.0.tgz",
      "integrity": "sha512-VB5gfKWZQniA3o4dqyd06Pzmv3sEONZVjKjEU7PhpzL6i1+DI6MyxMFZ6uNs8WYHa+0Xrn6BOAk0RFlUJZCpjQ=="
    },
    "live2d-widget-model-tororo": {
      "version": "1.0.0",
      "resolved": "https://registry.npmjs.org/live2d-widget-model-tororo/-/live2d-widget-model-tororo-1.0.0.tgz",
      "integrity": "sha512-n6g7unvpI8ia7Vl+UXd3rBM1YZe+sc1YdzT2GRkXrKMH5If8/HdjqaYlvhFacMo9BlLQAwLvWGldYH0HLd9xDA=="
    },
    "live2d-widget-model-tsumiki": {
      "version": "1.0.0",
      "resolved": "https://registry.npmjs.org/live2d-widget-model-tsumiki/-/live2d-widget-model-tsumiki-1.0.0.tgz",
      "integrity": "sha512-nc8l4F/iSt8py5JgadLek0BqpL77MvxbctFz/MEX5F28h1JtKL0+qibohH7ViV5UggOHR1jtiuZ4+OAK1VEFBw=="
    },
    "live2d-widget-model-unitychan": {
      "version": "1.0.0",
      "resolved": "https://registry.npmjs.org/live2d-widget-model-unitychan/-/live2d-widget-model-unitychan-1.0.0.tgz",
      "integrity": "sha512-V0XQgex1OgfBfsJ4+1Tbog28ELv1KG/vYtYS5n0VDmDzZj8gXle7DZBcU3hJiwjHXpSE5ktcgOmndtk1HPaIXQ=="
    },
    "live2d-widget-model-wanko": {
      "version": "1.0.0",
      "resolved": "https://registry.npmjs.org/live2d-widget-model-wanko/-/live2d-widget-model-wanko-1.0.0.tgz",
      "integrity": "sha512-/1Ln0duIqx6uRTkJoHX0DljwJ6AShze7HFuLgB6zse3SYN4BndMVpQJn1tglX8WSJCHK4CIrE8m97hMH4slq6Q=="
    },
    "live2d-widget-model-z16": {
      "version": "1.0.0",
      "resolved": "https://registry.npmjs.org/live2d-widget-model-z16/-/live2d-widget-model-z16-1.0.0.tgz",
      "integrity": "sha512-7uoRFbu/52GWFx6oNRPzSYrDYF8At/HVPuI8oiQeEkfUPSbn7i+xZi6RGk1mouEJ6nzqLF4cHFmuEGFWNMgK3A=="
    }
  }
}
