{
  "name": "live2d-widget-models",
  "version": "1.0.2",
  "lockfileVersion": 1,
  "requires": true,
  "dependencies": {
    "live2d-widget": {
      "version": "3.0.1",
      "resolved": "https://registry.npmjs.org/live2d-widget/-/live2d-widget-3.0.1.tgz",
      "integrity": "sha512-Q9LcG2jPkDurT5veW9I1fZW2nfw0yaaFgooYxeM1D7MayVXDqb9xTbg1WbrDfcdTxWqrZAJUdMnKau5t7NBolA=="
    },
    "live2d-widget-model-chitose": {
      "version": "1.0.2",
      "resolved": "https://registry.npmjs.org/live2d-widget-model-chitose/-/live2d-widget-model-chitose-1.0.2.tgz",
      "integrity": "sha512-OL+f+tWdx9XA13/A8pdHi6ot4jm4qDj4RTf/OO8Xo1VzEKRYP2ONHyA32zy466d9ceWd2G/8lDbm+BHREtjPxg==",
      "requires": {
        "live2d-widget": "3.0.1"
      }
    },
    "live2d-widget-model-epsilon2_1": {
      "version": "1.0.1",
      "resolved": "https://registry.npmjs.org/live2d-widget-model-epsilon2_1/-/live2d-widget-model-epsilon2_1-1.0.1.tgz",
      "integrity": "sha512-6c9yJrNLXcIlFr9/yJXBuDBqpJ+YHD2mR3Oi9v+9J1Tw9GqI4oyjmKjbW84Ys88yYeyWnAGPmM9OxJFqWRVu+A==",
      "requires": {
        "live2d-widget": "3.0.1"
      }
    },
    "live2d-widget-model-gf": {
      "version": "1.0.1",
      "resolved": "https://registry.npmjs.org/live2d-widget-model-gf/-/live2d-widget-model-gf-1.0.1.tgz",
      "integrity": "sha512-guMYTTlyAbvovy9MpAz0+jLuwizACOdSr2qS1zvf730jX0nQBvAhCNAiXzo3PGc7R8DIOuVX1ttokhMNcCY1nw==",
      "requires": {
        "live2d-widget": "3.0.1"
      }
    },
    "live2d-widget-model-haru01": {
      "version": "1.0.1",
      "resolved": "https://registry.npmjs.org/live2d-widget-model-haru01/-/live2d-widget-model-haru01-1.0.1.tgz",
      "integrity": "sha512-ExmFQNyzVzhGShhxf7JudEovDw8suyF7r4qzLmZy/c4HvYik89ckVSkvCA9tLWa5e+x9nQ9xqphhAzDUDBwgjQ==",
      "requires": {
        "live2d-widget": "3.0.1"
      }
    },
    "live2d-widget-model-haru02": {
      "version": "1.0.1",
      "resolved": "https://registry.npmjs.org/live2d-widget-model-haru02/-/live2d-widget-model-haru02-1.0.1.tgz",
      "integrity": "sha512-jvdErFPRjAYJZUUacrO7H9JQ+9YE02L5eLUgGwdQ4GnAhfO7Zb2a/Sjyc5gX0THDNcOON3j48e7kVswqPAJX3A==",
      "requires": {
        "live2d-widget": "3.0.1"
      }
    },
    "live2d-widget-model-haruto": {
      "version": "1.0.1",
      "resolved": "https://registry.npmjs.org/live2d-widget-model-haruto/-/live2d-widget-model-haruto-1.0.1.tgz",
      "integrity": "sha512-aAzdyZm+J/bCzME7kxjTEGgmwMH0AQFNL5AtDqEe9Zn16y8Q8FN0JClAwO3gYxv8RMivkDnXCA/hPSN8CQ0StQ==",
      "requires": {
        "live2d-widget": "3.0.1"
      }
    },
    "live2d-widget-model-hibiki": {
      "version": "1.0.1",
      "resolved": "https://registry.npmjs.org/live2d-widget-model-hibiki/-/live2d-widget-model-hibiki-1.0.1.tgz",
      "integrity": "sha512-KnmO5kJIeOkqpgLH8DWetRDRBkMaMy7m/GhiJpXtQmG/oxQogFY/9g4UUM2EH4lf4Z40A8dJZznMPRDrcsehXg==",
      "requires": {
        "live2d-widget": "3.0.1"
      }
    },
    "live2d-widget-model-hijiki": {
      "version": "1.0.1",
      "resolved": "https://registry.npmjs.org/live2d-widget-model-hijiki/-/live2d-widget-model-hijiki-1.0.1.tgz",
      "integrity": "sha512-Vu1FcEvg8A/zBmKp4WU7ylnng49TprXi+S3ESZQ9RuzkQdvNqbDm1gNgYocND42hWyktZT2tE2hFRkJoyGz4Og==",
      "requires": {
        "live2d-widget": "3.0.1"
      }
    },
    "live2d-widget-model-izumi": {
      "version": "1.0.1",
      "resolved": "https://registry.npmjs.org/live2d-widget-model-izumi/-/live2d-widget-model-izumi-1.0.1.tgz",
      "integrity": "sha512-AuTrde9tkYM+lLrl7ZK4AuxxZmdR+foVZohjmOJY0anlgWGaA07DfzhaGCTnVT7G2vop6SzCCmrUvSpCUrfnlw==",
      "requires": {
        "live2d-widget": "3.0.1"
      }
    },
    "live2d-widget-model-koharu": {
      "version": "1.0.1",
      "resolved": "https://registry.npmjs.org/live2d-widget-model-koharu/-/live2d-widget-model-koharu-1.0.1.tgz",
      "integrity": "sha512-Xa+87+DccFUMlJ3Ks6ODAiqszho4oIomMnTElWTdWRI54lv8lSalYERr2xT5Lpej6Jo/mjrAo0A6R6KoJW0meg==",
      "requires": {
        "live2d-widget": "3.0.1"
      }
    },
    "live2d-widget-model-miku": {
      "version": "1.0.1",
      "resolved": "https://registry.npmjs.org/live2d-widget-model-miku/-/live2d-widget-model-miku-1.0.1.tgz",
      "integrity": "sha512-33V/aKWAGQZ13zZlNdU9Pf/hINUKYlRXrXiumvprwi0wyXEAvarO2uGPNJiBgXB7WnveYMEVGUxXXASlS2mw9g==",
      "requires": {
        "live2d-widget": "3.0.1"
      }
    },
    "live2d-widget-model-ni-j": {
      "version": "1.0.1",
      "resolved": "https://registry.npmjs.org/live2d-widget-model-ni-j/-/live2d-widget-model-ni-j-1.0.1.tgz",
      "integrity": "sha512-1UcZgXDZ4kpyucL2VihUzfCDkZ76GGh6a+HNUXxg+6TYxXwNoZ0C7J+Hc0JUR1AiP1A9cDm+1T8xCULsfdNQZQ==",
      "requires": {
        "live2d-widget": "3.0.1"
      }
    },
    "live2d-widget-model-nico": {
      "version": "1.0.1",
      "resolved": "https://registry.npmjs.org/live2d-widget-model-nico/-/live2d-widget-model-nico-1.0.1.tgz",
      "integrity": "sha512-odaSpxfNqpSyzXneC+FCoW5ymL07xIZehozZz2xbiSAilm3iWqnTTyONc/Xoh2xdwgQ392dnRxPIUxXskfCmeQ==",
      "requires": {
        "live2d-widget": "3.0.1"
      }
    },
    "live2d-widget-model-nietzsche": {
      "version": "1.0.1",
      "resolved": "https://registry.npmjs.org/live2d-widget-model-nietzsche/-/live2d-widget-model-nietzsche-1.0.1.tgz",
      "integrity": "sha512-ydH2PeftE9hrvkg3/dLg60HgAfLcu1OfmMyP1RWHUvtPkPr86v/KvkefwrUEEorOkD5YxSxO2j1/N4bo8T4KQw==",
      "requires": {
        "live2d-widget": "3.0.1"
      }
    },
    "live2d-widget-model-nipsilon": {
      "version": "1.0.1",
      "resolved": "https://registry.npmjs.org/live2d-widget-model-nipsilon/-/live2d-widget-model-nipsilon-1.0.1.tgz",
      "integrity": "sha512-PxkGYId1QPa/VRhNNC7yibaDkLZRv6gFQjTFjBBrTy2w8K5v8MQjogpHV10fad6lAS8RY6hvciBfrmUcM39IFw==",
      "requires": {
        "live2d-widget": "3.0.1"
      }
    },
    "live2d-widget-model-nito": {
      "version": "1.0.1",
      "resolved": "https://registry.npmjs.org/live2d-widget-model-nito/-/live2d-widget-model-nito-1.0.1.tgz",
      "integrity": "sha512-AfU9N8GXqskBAu/vY0iKc5dMA3E1KOOc663wAAmQOtVvEcF89puTziFFqhGyIkad48XBHPUy2nTT208ySjau3g==",
      "requires": {
        "live2d-widget": "3.0.1"
      }
    },
    "live2d-widget-model-shizuku": {
      "version": "1.0.1",
      "resolved": "https://registry.npmjs.org/live2d-widget-model-shizuku/-/live2d-widget-model-shizuku-1.0.1.tgz",
      "integrity": "sha512-sg3aWst578iZFXdenlW93c8/ezCu+ybuJrBGlA5JoqS719ZodDsaU/HAiJEf9UBAEQwX51JW1mKlXJNqw7TSfw==",
      "requires": {
        "live2d-widget": "3.0.1"
      }
    },
    "live2d-widget-model-tororo": {
      "version": "1.0.1",
      "resolved": "https://registry.npmjs.org/live2d-widget-model-tororo/-/live2d-widget-model-tororo-1.0.1.tgz",
      "integrity": "sha512-Ysfgq6AK6d84hk+CBfnHlegq0oyZSqX2LIpSvhPaot1d7mGEntGscgx/S4LwDyFTn2eUyresKNHQ7Nrcq4wF0g==",
      "requires": {
        "live2d-widget": "3.0.1"
      }
    },
    "live2d-widget-model-tsumiki": {
      "version": "1.0.1",
      "resolved": "https://registry.npmjs.org/live2d-widget-model-tsumiki/-/live2d-widget-model-tsumiki-1.0.1.tgz",
      "integrity": "sha512-5FK/6WFYzUmFucpmoK9WNpJSuWaJZ2+BK8Y8d8QvVQIcKh5NXq+/iL/O+aA+kHcnfgD7X8/quN5c64Hi15BPnA==",
      "requires": {
        "live2d-widget": "3.0.1"
      }
    },
    "live2d-widget-model-unitychan": {
      "version": "1.0.1",
      "resolved": "https://registry.npmjs.org/live2d-widget-model-unitychan/-/live2d-widget-model-unitychan-1.0.1.tgz",
      "integrity": "sha512-pICu0TRJS4yAzMSl+ZSl7xTK9I1BcMZheRwg4dLW2vCvhe/6qsvHXzAy2pc86u1AcPhFAAHmMu58ERWCo9b1PQ==",
      "requires": {
        "live2d-widget": "3.0.1"
      }
    },
    "live2d-widget-model-wanko": {
      "version": "1.0.1",
      "resolved": "https://registry.npmjs.org/live2d-widget-model-wanko/-/live2d-widget-model-wanko-1.0.1.tgz",
      "integrity": "sha512-VV/iqW8EC3P/EA1VwIpfaVC19X3RQJvnxWSt980dUkwan2sFypPJton8BzRkKs2jtWKGPYR3bHUWCSQctiEUig==",
      "requires": {
        "live2d-widget": "3.0.1"
      }
    },
    "live2d-widget-model-z16": {
      "version": "1.0.1",
      "resolved": "https://registry.npmjs.org/live2d-widget-model-z16/-/live2d-widget-model-z16-1.0.1.tgz",
      "integrity": "sha512-N0zkstCevNhmQtQwABsAOD6dRejvmYY4d/i6WuAQ9oxBWwXK8mjHxy3HcEtepVMEYJvBPcIKi7+kG57wyh40zg==",
      "requires": {
        "live2d-widget": "3.0.1"
      }
    }
  }
}
