{
  "name": "live2d-widget-models",
  "version": "1.0.3",
  "lockfileVersion": 1,
  "requires": true,
  "dependencies": {
    "live2d-widget": {
      "version": "3.0.2",
      "resolved": "https://registry.npmjs.org/live2d-widget/-/live2d-widget-3.0.2.tgz",
      "integrity": "sha512-X0Ao1Oyvd5QEsoH92zjXpSSpMh9VyGZ0fqrc+XdcTYmBQZWeTArNCzGMF6C1iaEdSx9fm7qRhKPOj4StNQezKw=="
    },
    "live2d-widget-model-chitose": {
      "version": "1.0.3",
      "resolved": "https://registry.npmjs.org/live2d-widget-model-chitose/-/live2d-widget-model-chitose-1.0.3.tgz",
      "integrity": "sha512-EY7RPKeoPA7okOj3jydVjE4a9b55H+zOh3uDz+/8mxeagcsHtsK5Ty2RAPE2RwzckM2kswT7Py37rqxWUQRBNA==",
      "requires": {
        "live2d-widget": "3.0.2"
      }
    },
    "live2d-widget-model-epsilon2_1": {
      "version": "1.0.2",
      "resolved": "https://registry.npmjs.org/live2d-widget-model-epsilon2_1/-/live2d-widget-model-epsilon2_1-1.0.2.tgz",
      "integrity": "sha512-/1imftV72gqezgm79gxcRmPuMRTOuPJ3RvjBZlT/5HORz+ZX/GjPUt9bhLpmMkPYvGftn+4hxB7R2E8DOE6UwQ==",
      "requires": {
        "live2d-widget": "3.0.2"
      }
    },
    "live2d-widget-model-gf": {
      "version": "1.0.2",
      "resolved": "https://registry.npmjs.org/live2d-widget-model-gf/-/live2d-widget-model-gf-1.0.2.tgz",
      "integrity": "sha512-GYdzDvOCL5LTQCoFeqIRlRfy4gg8NsgQEBLGdGgWwED8c95nY9g41g50nBtoqxgQ469130yQov5EixsCgk3g5A==",
      "requires": {
        "live2d-widget": "3.0.2"
      }
    },
    "live2d-widget-model-haru01": {
      "version": "1.0.2",
      "resolved": "https://registry.npmjs.org/live2d-widget-model-haru01/-/live2d-widget-model-haru01-1.0.2.tgz",
      "integrity": "sha512-hxn4j23wAJZbih23idtzBYE8ykG0dTF0s8J+zaW9hALhnKuBn5ZDEHdhCMBHPLw9YiK+0+OtCPDvAhPoJD1oxQ==",
      "requires": {
        "live2d-widget": "3.0.2"
      }
    },
    "live2d-widget-model-haru02": {
      "version": "1.0.2",
      "resolved": "https://registry.npmjs.org/live2d-widget-model-haru02/-/live2d-widget-model-haru02-1.0.2.tgz",
      "integrity": "sha512-OksReagRFepQ9Xn9SsC6SuNI9639NTF6RncdnrDh/0jy7gj8uLHRVKA+DL7jUzajTRxjE1mYfRLaTsepRi6Seg==",
      "requires": {
        "live2d-widget": "3.0.2"
      }
    },
    "live2d-widget-model-haruto": {
      "version": "1.0.2",
      "resolved": "https://registry.npmjs.org/live2d-widget-model-haruto/-/live2d-widget-model-haruto-1.0.2.tgz",
      "integrity": "sha512-T42Xs5mc4uY4bvAKaZQAynRx/Kk2gUrdx+AVZP+U0qbXhQwH4xIBabTTqd4GUWR8CcQr5hPeMCcQjVq/7o0bsA==",
      "requires": {
        "live2d-widget": "3.0.2"
      }
    },
    "live2d-widget-model-hibiki": {
      "version": "1.0.2",
      "resolved": "https://registry.npmjs.org/live2d-widget-model-hibiki/-/live2d-widget-model-hibiki-1.0.2.tgz",
      "integrity": "sha512-sMg1zk9l2nztd3XX9WXUDITGWK2GJBbbTGJbD3KkBZQ4R591bLvZ+Ks7XQRQBPEqVFIjNmnbBwkXydruKxKlpA==",
      "requires": {
        "live2d-widget": "3.0.2"
      }
    },
    "live2d-widget-model-hijiki": {
      "version": "1.0.2",
      "resolved": "https://registry.npmjs.org/live2d-widget-model-hijiki/-/live2d-widget-model-hijiki-1.0.2.tgz",
      "integrity": "sha512-R+nKIJPl6Haj8lkBaZ4q6e590ywxMr42fU/p7HTsRe46tO5g1kT1O24Vp36TaulJZKE/D6keWRNaqldYC9hVFQ==",
      "requires": {
        "live2d-widget": "3.0.2"
      }
    },
    "live2d-widget-model-izumi": {
      "version": "1.0.2",
      "resolved": "https://registry.npmjs.org/live2d-widget-model-izumi/-/live2d-widget-model-izumi-1.0.2.tgz",
      "integrity": "sha512-EErcBvxz+K4NHRc7zoxiodu9PsT1oaTf0z94ddCbFMpDLWa8CYvOrvYdzR0ACubm96SvFkC2j195tDU6fUnEmw==",
      "requires": {
        "live2d-widget": "3.0.2"
      }
    },
    "live2d-widget-model-koharu": {
      "version": "1.0.2",
      "resolved": "https://registry.npmjs.org/live2d-widget-model-koharu/-/live2d-widget-model-koharu-1.0.2.tgz",
      "integrity": "sha512-zbFkgo3O8qdsWUbyejLcr3JKaoe2yOxGhNt+tJlKH8tHZnbMZ+zFc0L9xG50rHZ56+Lh+YIFV8xc0gadDTJJTg==",
      "requires": {
        "live2d-widget": "3.0.2"
      }
    },
    "live2d-widget-model-miku": {
      "version": "1.0.2",
      "resolved": "https://registry.npmjs.org/live2d-widget-model-miku/-/live2d-widget-model-miku-1.0.2.tgz",
      "integrity": "sha512-f6z1pB/4a0YqA6d0Pp/IHvrvK7YXpLSMLhQCWyW4bTiWSAZnS68iR3J9eTQClqW0kIT6UAclooNhkUghVXijag==",
      "requires": {
        "live2d-widget": "3.0.2"
      }
    },
    "live2d-widget-model-ni-j": {
      "version": "1.0.2",
      "resolved": "https://registry.npmjs.org/live2d-widget-model-ni-j/-/live2d-widget-model-ni-j-1.0.2.tgz",
      "integrity": "sha512-SwGQ5qdYGFK4wGiw8h6HChPH/sPd73c6zTx7dJJ45RjnnIlQI23sDoIuWkX2uFcf3L4GM+yr3m5CUVFiDV8cGQ==",
      "requires": {
        "live2d-widget": "3.0.2"
      }
    },
    "live2d-widget-model-nico": {
      "version": "1.0.2",
      "resolved": "https://registry.npmjs.org/live2d-widget-model-nico/-/live2d-widget-model-nico-1.0.2.tgz",
      "integrity": "sha512-V4Y+SCX0CmLIr0BAUzp3akxMlPOCDLAKapMKjSburZW04ou4gcblRPy5+tR92EaOiG9rRrYzPHaj65gu4C7Dhg==",
      "requires": {
        "live2d-widget": "3.0.2"
      }
    },
    "live2d-widget-model-nietzsche": {
      "version": "1.0.2",
      "resolved": "https://registry.npmjs.org/live2d-widget-model-nietzsche/-/live2d-widget-model-nietzsche-1.0.2.tgz",
      "integrity": "sha512-qjzxgWduIriyvGwJrs4tkDK7iTobFySvd5z67tvEfNveWi25xVSQ3vnXttpH4FEUihyzdr+PfBngJLYYhKhPPA==",
      "requires": {
        "live2d-widget": "3.0.2"
      }
    },
    "live2d-widget-model-nipsilon": {
      "version": "1.0.2",
      "resolved": "https://registry.npmjs.org/live2d-widget-model-nipsilon/-/live2d-widget-model-nipsilon-1.0.2.tgz",
      "integrity": "sha512-9o/GsJrayQhO+g79FtWYGy9858OUcqXMLSIqXe3k+F1BfCYsAKXU4sV1INHh7mdCxryw44oMxfo0SG/Ejz58kQ==",
      "requires": {
        "live2d-widget": "3.0.2"
      }
    },
    "live2d-widget-model-nito": {
      "version": "1.0.2",
      "resolved": "https://registry.npmjs.org/live2d-widget-model-nito/-/live2d-widget-model-nito-1.0.2.tgz",
      "integrity": "sha512-vhgMi2DkVuOTXsVaAYbKf1TJ+jMr4a2M8PLBPesdbI37M2zM+45rNytiIjE2E/guzFB+ZkrRkDz9EYsjDRQbWg==",
      "requires": {
        "live2d-widget": "3.0.2"
      }
    },
    "live2d-widget-model-shizuku": {
      "version": "1.0.2",
      "resolved": "https://registry.npmjs.org/live2d-widget-model-shizuku/-/live2d-widget-model-shizuku-1.0.2.tgz",
      "integrity": "sha512-RpOghKUmf+11SrNGLbIvDKFpZs+iHJOcOAabtDf7xMJufHKoGaOl2iFVgAHGguqzCFIbhhCvKdZe53exBkZdbA==",
      "requires": {
        "live2d-widget": "3.0.2"
      }
    },
    "live2d-widget-model-tororo": {
      "version": "1.0.2",
      "resolved": "https://registry.npmjs.org/live2d-widget-model-tororo/-/live2d-widget-model-tororo-1.0.2.tgz",
      "integrity": "sha512-ohy8U0JHHhYtf1EeUPaOpVQIPCcFgPcqwplNS3TPNFU7LVvE3D+cUkCYVseuuXXH9rtVciu5DrGKZbHeg9sYgg==",
      "requires": {
        "live2d-widget": "3.0.2"
      }
    },
    "live2d-widget-model-tsumiki": {
      "version": "1.0.2",
      "resolved": "https://registry.npmjs.org/live2d-widget-model-tsumiki/-/live2d-widget-model-tsumiki-1.0.2.tgz",
      "integrity": "sha512-jigBwy7Dmwu8ya27kOOhog7TQODpwg0Kw7lAmpuazNqtSuGRBd9SWab1vKSyqKwD1m6rtala2MO6z26j7og4Yw==",
      "requires": {
        "live2d-widget": "3.0.2"
      }
    },
    "live2d-widget-model-unitychan": {
      "version": "1.0.2",
      "resolved": "https://registry.npmjs.org/live2d-widget-model-unitychan/-/live2d-widget-model-unitychan-1.0.2.tgz",
      "integrity": "sha512-12vWNTyXRHNCGAVbGhplm9tVdWppQMlyUxGCYwUaT6tC8GDf5pG9leiV19I0ffQ0b/CNKzebzjGYm8a9ejlfSw==",
      "requires": {
        "live2d-widget": "3.0.2"
      }
    },
    "live2d-widget-model-wanko": {
      "version": "1.0.2",
      "resolved": "https://registry.npmjs.org/live2d-widget-model-wanko/-/live2d-widget-model-wanko-1.0.2.tgz",
      "integrity": "sha512-N7lZN3fb6IQjMe6gmySv5ATWO1N4cLVjBzMZLsspqXDg56SFHx/eIcXt39naSNZDC6B8J4iQJ0a83gHlZAJZJA==",
      "requires": {
        "live2d-widget": "3.0.2"
      }
    },
    "live2d-widget-model-z16": {
      "version": "1.0.2",
      "resolved": "https://registry.npmjs.org/live2d-widget-model-z16/-/live2d-widget-model-z16-1.0.2.tgz",
      "integrity": "sha512-+kCPlakUPDAJj3kVpuayirMLyOs3V9eJRd0Y7bWW2Ag7yw5mSkghRzVxrkdch0DGHp5K2kfqMSkPoiSwVlxa7w==",
      "requires": {
        "live2d-widget": "3.0.2"
      }
    }
  }
}
