{
  "name": "live2d-widget-model-hijiki",
  "version": "1.0.1",
  "lockfileVersion": 1,
  "requires": true,
  "dependencies": {
    "live2d-widget": {
      "version": "3.0.1",
      "resolved": "https://registry.npmjs.org/live2d-widget/-/live2d-widget-3.0.1.tgz",
      "integrity": "sha512-Q9LcG2jPkDurT5veW9I1fZW2nfw0yaaFgooYxeM1D7MayVXDqb9xTbg1WbrDfcdTxWqrZAJUdMnKau5t7NBolA=="
    }
  }
}
