{
  "name": "live2d-widget-model-nico",
  "version": "1.0.2",
  "lockfileVersion": 1,
  "requires": true,
  "dependencies": {
    "live2d-widget": {
      "version": "3.0.2",
      "resolved": "https://registry.npmjs.org/live2d-widget/-/live2d-widget-3.0.2.tgz",
      "integrity": "sha512-X0Ao1Oyvd5QEsoH92zjXpSSpMh9VyGZ0fqrc+XdcTYmBQZWeTArNCzGMF6C1iaEdSx9fm7qRhKPOj4StNQezKw=="
    }
  }
}
